{
  "nodes": {
    "nixCats": {
      "locked": {
        "lastModified": 1770584904,
        "narHash": "sha256-9Zaz8lbKF2W9pwXZEnbiGsicHdBoU+dHt3Wv3mCJoZ8=",
        "owner": "BirdeeHub",
        "repo": "nixCats-nvim",
        "rev": "538fdde784d2909700d97a8ef307783b33a86fb1",
        "type": "github"
      },
      "original": {
        "owner": "BirdeeHub",
        "repo": "nixCats-nvim",
        "type": "github"
      }
    },
    "nixpkgs": {
      "locked": {
        "lastModified": 1771423170,
        "narHash": "sha256-K7Dg9TQ0mOcAtWTO/FX/FaprtWQ8BmEXTpLIaNRhEwU=",
        "owner": "nixos",
        "repo": "nixpkgs",
        "rev": "bcc4a9d9533c033d806a46b37dc444f9b0da49dd",
        "type": "github"
      },
      "original": {
        "owner": "nixos",
        "ref": "nixpkgs-unstable",
        "repo": "nixpkgs",
        "type": "github"
      }
    },
    "root": {
      "inputs": {
        "nixCats": "nixCats",
        "nixpkgs": "nixpkgs"
      }
    }
  },
  "root": "root",
  "version": 7
}
