{
  "nodes": {
    "nixCats": {
      "locked": {
        "lastModified": 1761732732,
        "narHash": "sha256-AP3KzTaFXFLjWWXysSnVTXUaGuC3hkUQZSlxUdGsLSs=",
        "owner": "BirdeeHub",
        "repo": "nixCats-nvim",
        "rev": "6307455a6ccceadb9f873fc51d4cf7cd39bdace5",
        "type": "github"
      },
      "original": {
        "owner": "BirdeeHub",
        "repo": "nixCats-nvim",
        "type": "github"
      }
    },
    "nixpkgs": {
      "locked": {
        "lastModified": 1761656231,
        "narHash": "sha256-EiED5k6gXTWoAIS8yQqi5mAX6ojnzpHwAQTS3ykeYMg=",
        "owner": "nixos",
        "repo": "nixpkgs",
        "rev": "e99366c665bdd53b7b500ccdc5226675cfc51f45",
        "type": "github"
      },
      "original": {
        "owner": "nixos",
        "ref": "nixpkgs-unstable",
        "repo": "nixpkgs",
        "type": "github"
      }
    },
    "root": {
      "inputs": {
        "nixCats": "nixCats",
        "nixpkgs": "nixpkgs"
      }
    }
  },
  "root": "root",
  "version": 7
}
